// !$*UTF8*$!
{
	archiveVersion = 1;
	classes = {
	};
	objectVersion = 55;
	objects = {

/* Begin PBXBuildFile section */
		214970E629ACEBCE00D17B66 /* iOS-Task.xcdatamodeld in Sources */ = {isa = PBXBuildFile; fileRef = 214970E429ACEBCE00D17B66 /* iOS-Task.xcdatamodeld */; };
		214970EC29AD536700D17B66 /* Home.swift in Sources */ = {isa = PBXBuildFile; fileRef = 214970EB29AD536700D17B66 /* Home.swift */; };
		214970EE29AD567400D17B66 /* CardView.swift in Sources */ = {isa = PBXBuildFile; fileRef = 214970ED29AD567400D17B66 /* CardView.swift */; };
		2149710F29AD6FF200D17B66 /* Persistence.swift in Sources */ = {isa = PBXBuildFile; fileRef = 2149710E29AD6FF200D17B66 /* Persistence.swift */; };
		2174C7A729AF4F570088343E /* Login.swift in Sources */ = {isa = PBXBuildFile; fileRef = 2174C7A629AF4F560088343E /* Login.swift */; };
		2176AA7A29ABEAF80028E20C /* iOS_TaskApp.swift in Sources */ = {isa = PBXBuildFile; fileRef = 2176AA7929ABEAF80028E20C /* iOS_TaskApp.swift */; };
		2176AA7C29ABEAF80028E20C /* ContentView.swift in Sources */ = {isa = PBXBuildFile; fileRef = 2176AA7B29ABEAF80028E20C /* ContentView.swift */; };
		2176AA7E29ABEAF90028E20C /* Assets.xcassets in Resources */ = {isa = PBXBuildFile; fileRef = 2176AA7D29ABEAF90028E20C /* Assets.xcassets */; };
		2176AA8129ABEAFA0028E20C /* Preview Assets.xcassets in Resources */ = {isa = PBXBuildFile; fileRef = 2176AA8029ABEAFA0028E20C /* Preview Assets.xcassets */; };
		2176AA9329ABFA340028E20C /* NetworkManager.swift in Sources */ = {isa = PBXBuildFile; fileRef = 2176AA9229ABFA340028E20C /* NetworkManager.swift */; };
		2176AA9529ABFA4D0028E20C /* Model.swift in Sources */ = {isa = PBXBuildFile; fileRef = 2176AA9429ABFA4D0028E20C /* Model.swift */; };
		2176AAB129AC0B170028E20C /* ColorExtension.swift in Sources */ = {isa = PBXBuildFile; fileRef = 2176AAB029AC0B170028E20C /* ColorExtension.swift */; };
		219DBFEB29ADEEC700DD0200 /* Reachability in Frameworks */ = {isa = PBXBuildFile; productRef = 219DBFEA29ADEEC700DD0200 /* Reachability */; };
		219DBFEF29AE425D00DD0200 /* PhotoPicker.swift in Sources */ = {isa = PBXBuildFile; fileRef = 219DBFEE29AE425D00DD0200 /* PhotoPicker.swift */; };
/* End PBXBuildFile section */

/* Begin PBXFileReference section */
		214970E529ACEBCE00D17B66 /* DataModel.xcdatamodel */ = {isa = PBXFileReference; lastKnownFileType = wrapper.xcdatamodel; path = DataModel.xcdatamodel; sourceTree = "<group>"; };
		214970EB29AD536700D17B66 /* Home.swift */ = {isa = PBXFileReference; lastKnownFileType = sourcecode.swift; path = Home.swift; sourceTree = "<group>"; };
		214970ED29AD567400D17B66 /* CardView.swift */ = {isa = PBXFileReference; lastKnownFileType = sourcecode.swift; path = CardView.swift; sourceTree = "<group>"; };
		2149710E29AD6FF200D17B66 /* Persistence.swift */ = {isa = PBXFileReference; fileEncoding = 4; lastKnownFileType = sourcecode.swift; name = Persistence.swift; path = "../../../swift/swift ilkdenemeler/CoreDataSample/CoreDataSample/Persistence.swift"; sourceTree = "<group>"; };
		2174C7A629AF4F560088343E /* Login.swift */ = {isa = PBXFileReference; lastKnownFileType = sourcecode.swift; path = Login.swift; sourceTree = "<group>"; };
		2176AA7629ABEAF80028E20C /* iOS-Task.app */ = {isa = PBXFileReference; explicitFileType = wrapper.application; includeInIndex = 0; path = "iOS-Task.app"; sourceTree = BUILT_PRODUCTS_DIR; };
		2176AA7929ABEAF80028E20C /* iOS_TaskApp.swift */ = {isa = PBXFileReference; lastKnownFileType = sourcecode.swift; path = iOS_TaskApp.swift; sourceTree = "<group>"; };
		2176AA7B29ABEAF80028E20C /* ContentView.swift */ = {isa = PBXFileReference; lastKnownFileType = sourcecode.swift; path = ContentView.swift; sourceTree = "<group>"; };
		2176AA7D29ABEAF90028E20C /* Assets.xcassets */ = {isa = PBXFileReference; lastKnownFileType = folder.assetcatalog; path = Assets.xcassets; sourceTree = "<group>"; };
		2176AA8029ABEAFA0028E20C /* Preview Assets.xcassets */ = {isa = PBXFileReference; lastKnownFileType = folder.assetcatalog; path = "Preview Assets.xcassets"; sourceTree = "<group>"; };
		2176AA9229ABFA340028E20C /* NetworkManager.swift */ = {isa = PBXFileReference; lastKnownFileType = sourcecode.swift; path = NetworkManager.swift; sourceTree = "<group>"; };
		2176AA9429ABFA4D0028E20C /* Model.swift */ = {isa = PBXFileReference; lastKnownFileType = sourcecode.swift; path = Model.swift; sourceTree = "<group>"; };
		2176AAB029AC0B170028E20C /* ColorExtension.swift */ = {isa = PBXFileReference; lastKnownFileType = sourcecode.swift; path = ColorExtension.swift; sourceTree = "<group>"; };
		219DBFEE29AE425D00DD0200 /* PhotoPicker.swift */ = {isa = PBXFileReference; lastKnownFileType = sourcecode.swift; path = PhotoPicker.swift; sourceTree = "<group>"; };
/* End PBXFileReference section */

/* Begin PBXFrameworksBuildPhase section */
		2176AA7329ABEAF80028E20C /* Frameworks */ = {
			isa = PBXFrameworksBuildPhase;
			buildActionMask = 2147483647;
			files = (
				219DBFEB29ADEEC700DD0200 /* Reachability in Frameworks */,
			);
			runOnlyForDeploymentPostprocessing = 0;
		};
/* End PBXFrameworksBuildPhase section */

/* Begin PBXGroup section */
		214970E329ACEBA600D17B66 /* DataModel */ = {
			isa = PBXGroup;
			children = (
				214970E429ACEBCE00D17B66 /* iOS-Task.xcdatamodeld */,
			);
			name = DataModel;
			sourceTree = "<group>";
		};
		214970E929AD532000D17B66 /* View */ = {
			isa = PBXGroup;
			children = (
				214970EB29AD536700D17B66 /* Home.swift */,
				214970ED29AD567400D17B66 /* CardView.swift */,
			);
			path = View;
			sourceTree = "<group>";
		};
		214970EA29AD533300D17B66 /* ViewModel */ = {
			isa = PBXGroup;
			children = (
				219DBFEE29AE425D00DD0200 /* PhotoPicker.swift */,
				2176AA9229ABFA340028E20C /* NetworkManager.swift */,
			);
			name = ViewModel;
			sourceTree = "<group>";
		};
		2176AA6D29ABEAF80028E20C = {
			isa = PBXGroup;
			children = (
				2176AA7829ABEAF80028E20C /* iOS-Task */,
				2176AA7729ABEAF80028E20C /* Products */,
			);
			sourceTree = "<group>";
		};
		2176AA7729ABEAF80028E20C /* Products */ = {
			isa = PBXGroup;
			children = (
				2176AA7629ABEAF80028E20C /* iOS-Task.app */,
			);
			name = Products;
			sourceTree = "<group>";
		};
		2176AA7829ABEAF80028E20C /* iOS-Task */ = {
			isa = PBXGroup;
			children = (
				2176AA9129ABFA210028E20C /* Model */,
				214970EA29AD533300D17B66 /* ViewModel */,
				214970E929AD532000D17B66 /* View */,
				214970E329ACEBA600D17B66 /* DataModel */,
				2176AA7929ABEAF80028E20C /* iOS_TaskApp.swift */,
				2176AA7B29ABEAF80028E20C /* ContentView.swift */,
				2149710E29AD6FF200D17B66 /* Persistence.swift */,
				2176AA7D29ABEAF90028E20C /* Assets.xcassets */,
				2176AA7F29ABEAFA0028E20C /* Preview Content */,
				2176AAB029AC0B170028E20C /* ColorExtension.swift */,
			);
			path = "iOS-Task";
			sourceTree = "<group>";
		};
		2176AA7F29ABEAFA0028E20C /* Preview Content */ = {
			isa = PBXGroup;
			children = (
				2176AA8029ABEAFA0028E20C /* Preview Assets.xcassets */,
			);
			path = "Preview Content";
			sourceTree = "<group>";
		};
		2176AA9129ABFA210028E20C /* Model */ = {
			isa = PBXGroup;
			children = (
				2176AA9429ABFA4D0028E20C /* Model.swift */,
				2174C7A629AF4F560088343E /* Login.swift */,
			);
			name = Model;
			sourceTree = "<group>";
		};
/* End PBXGroup section */

/* Begin PBXNativeTarget section */
		2176AA7529ABEAF80028E20C /* iOS-Task */ = {
			isa = PBXNativeTarget;
			buildConfigurationList = 2176AA8929ABEAFA0028E20C /* Build configuration list for PBXNativeTarget "iOS-Task" */;
			buildPhases = (
				2176AA7229ABEAF80028E20C /* Sources */,
				2176AA7329ABEAF80028E20C /* Frameworks */,
				2176AA7429ABEAF80028E20C /* Resources */,
			);
			buildRules = (
			);
			dependencies = (
			);
			name = "iOS-Task";
			packageProductDependencies = (
				219DBFEA29ADEEC700DD0200 /* Reachability */,
			);
			productName = "iOS-Task";
			productReference = 2176AA7629ABEAF80028E20C /* iOS-Task.app */;
			productType = "com.apple.product-type.application";
		};
/* End PBXNativeTarget section */

/* Begin PBXProject section */
		2176AA6E29ABEAF80028E20C /* Project object */ = {
			isa = PBXProject;
			attributes = {
				BuildIndependentTargetsInParallel = 1;
				LastSwiftUpdateCheck = 1320;
				LastUpgradeCheck = 1320;
				TargetAttributes = {
					2176AA7529ABEAF80028E20C = {
						CreatedOnToolsVersion = 13.2;
					};
				};
			};
			buildConfigurationList = 2176AA7129ABEAF80028E20C /* Build configuration list for PBXProject "iOS-Task" */;
			compatibilityVersion = "Xcode 13.0";
			developmentRegion = en;
			hasScannedForEncodings = 0;
			knownRegions = (
				en,
				Base,
			);
			mainGroup = 2176AA6D29ABEAF80028E20C;
			packageReferences = (
				219DBFE929ADEEC700DD0200 /* XCRemoteSwiftPackageReference "Reachability.swift" */,
			);
			productRefGroup = 2176AA7729ABEAF80028E20C /* Products */;
			projectDirPath = "";
			projectRoot = "";
			targets = (
				2176AA7529ABEAF80028E20C /* iOS-Task */,
			);
		};
/* End PBXProject section */

/* Begin PBXResourcesBuildPhase section */
		2176AA7429ABEAF80028E20C /* Resources */ = {
			isa = PBXResourcesBuildPhase;
			buildActionMask = 2147483647;
			files = (
				2176AA8129ABEAFA0028E20C /* Preview Assets.xcassets in Resources */,
				2176AA7E29ABEAF90028E20C /* Assets.xcassets in Resources */,
			);
			runOnlyForDeploymentPostprocessing = 0;
		};
/* End PBXResourcesBuildPhase section */

/* Begin PBXSourcesBuildPhase section */
		2176AA7229ABEAF80028E20C /* Sources */ = {
			isa = PBXSourcesBuildPhase;
			buildActionMask = 2147483647;
			files = (
				214970EE29AD567400D17B66 /* CardView.swift in Sources */,
				219DBFEF29AE425D00DD0200 /* PhotoPicker.swift in Sources */,
				2176AA7C29ABEAF80028E20C /* ContentView.swift in Sources */,
				2176AA9329ABFA340028E20C /* NetworkManager.swift in Sources */,
				2176AA9529ABFA4D0028E20C /* Model.swift in Sources */,
				214970E629ACEBCE00D17B66 /* iOS-Task.xcdatamodeld in Sources */,
				2176AAB129AC0B170028E20C /* ColorExtension.swift in Sources */,
				214970EC29AD536700D17B66 /* Home.swift in Sources */,
				2176AA7A29ABEAF80028E20C /* iOS_TaskApp.swift in Sources */,
				2174C7A729AF4F570088343E /* Login.swift in Sources */,
				2149710F29AD6FF200D17B66 /* Persistence.swift in Sources */,
			);
			runOnlyForDeploymentPostprocessing = 0;
		};
/* End PBXSourcesBuildPhase section */

/* Begin XCBuildConfiguration section */
		2176AA8729ABEAFA0028E20C /* Debug */ = {
			isa = XCBuildConfiguration;
			buildSettings = {
				ALWAYS_SEARCH_USER_PATHS = NO;
				CLANG_ANALYZER_NONNULL = YES;
				CLANG_ANALYZER_NUMBER_OBJECT_CONVERSION = YES_AGGRESSIVE;
				CLANG_CXX_LANGUAGE_STANDARD = "gnu++17";
				CLANG_CXX_LIBRARY = "libc++";
				CLANG_ENABLE_MODULES = YES;
				CLANG_ENABLE_OBJC_ARC = YES;
				CLANG_ENABLE_OBJC_WEAK = YES;
				CLANG_WARN_BLOCK_CAPTURE_AUTORELEASING = YES;
				CLANG_WARN_BOOL_CONVERSION = YES;
				CLANG_WARN_COMMA = YES;
				CLANG_WARN_CONSTANT_CONVERSION = YES;
				CLANG_WARN_DEPRECATED_OBJC_IMPLEMENTATIONS = YES;
				CLANG_WARN_DIRECT_OBJC_ISA_USAGE = YES_ERROR;
				CLANG_WARN_DOCUMENTATION_COMMENTS = YES;
				CLANG_WARN_EMPTY_BODY = YES;
				CLANG_WARN_ENUM_CONVERSION = YES;
				CLANG_WARN_INFINITE_RECURSION = YES;
				CLANG_WARN_INT_CONVERSION = YES;
				CLANG_WARN_NON_LITERAL_NULL_CONVERSION = YES;
				CLANG_WARN_OBJC_IMPLICIT_RETAIN_SELF = YES;
				CLANG_WARN_OBJC_LITERAL_CONVERSION = YES;
				CLANG_WARN_OBJC_ROOT_CLASS = YES_ERROR;
				CLANG_WARN_QUOTED_INCLUDE_IN_FRAMEWORK_HEADER = YES;
				CLANG_WARN_RANGE_LOOP_ANALYSIS = YES;
				CLANG_WARN_STRICT_PROTOTYPES = YES;
				CLANG_WARN_SUSPICIOUS_MOVE = YES;
				CLANG_WARN_UNGUARDED_AVAILABILITY = YES_AGGRESSIVE;
				CLANG_WARN_UNREACHABLE_CODE = YES;
				CLANG_WARN__DUPLICATE_METHOD_MATCH = YES;
				COPY_PHASE_STRIP = NO;
				DEBUG_INFORMATION_FORMAT = dwarf;
				ENABLE_STRICT_OBJC_MSGSEND = YES;
				ENABLE_TESTABILITY = YES;
				GCC_C_LANGUAGE_STANDARD = gnu11;
				GCC_DYNAMIC_NO_PIC = NO;
				GCC_NO_COMMON_BLOCKS = YES;
				GCC_OPTIMIZATION_LEVEL = 0;
				GCC_PREPROCESSOR_DEFINITIONS = (
					"DEBUG=1",
					"$(inherited)",
				);
				GCC_WARN_64_TO_32_BIT_CONVERSION = YES;
				GCC_WARN_ABOUT_RETURN_TYPE = YES_ERROR;
				GCC_WARN_UNDECLARED_SELECTOR = YES;
				GCC_WARN_UNINITIALIZED_AUTOS = YES_AGGRESSIVE;
				GCC_WARN_UNUSED_FUNCTION = YES;
				GCC_WARN_UNUSED_VARIABLE = YES;
				IPHONEOS_DEPLOYMENT_TARGET = 15.2;
				MTL_ENABLE_DEBUG_INFO = INCLUDE_SOURCE;
				MTL_FAST_MATH = YES;
				ONLY_ACTIVE_ARCH = YES;
				SDKROOT = iphoneos;
				SWIFT_ACTIVE_COMPILATION_CONDITIONS = DEBUG;
				SWIFT_OPTIMIZATION_LEVEL = "-Onone";
			};
			name = Debug;
		};
		2176AA8829ABEAFA0028E20C /* Release */ = {
			isa = XCBuildConfiguration;
			buildSettings = {
				ALWAYS_SEARCH_USER_PATHS = NO;
				CLANG_ANALYZER_NONNULL = YES;
				CLANG_ANALYZER_NUMBER_OBJECT_CONVERSION = YES_AGGRESSIVE;
				CLANG_CXX_LANGUAGE_STANDARD = "gnu++17";
				CLANG_CXX_LIBRARY = "libc++";
				CLANG_ENABLE_MODULES = YES;
				CLANG_ENABLE_OBJC_ARC = YES;
				CLANG_ENABLE_OBJC_WEAK = YES;
				CLANG_WARN_BLOCK_CAPTURE_AUTORELEASING = YES;
				CLANG_WARN_BOOL_CONVERSION = YES;
				CLANG_WARN_COMMA = YES;
				CLANG_WARN_CONSTANT_CONVERSION = YES;
				CLANG_WARN_DEPRECATED_OBJC_IMPLEMENTATIONS = YES;
				CLANG_WARN_DIRECT_OBJC_ISA_USAGE = YES_ERROR;
				CLANG_WARN_DOCUMENTATION_COMMENTS = YES;
				CLANG_WARN_EMPTY_BODY = YES;
				CLANG_WARN_ENUM_CONVERSION = YES;
				CLANG_WARN_INFINITE_RECURSION = YES;
				CLANG_WARN_INT_CONVERSION = YES;
				CLANG_WARN_NON_LITERAL_NULL_CONVERSION = YES;
				CLANG_WARN_OBJC_IMPLICIT_RETAIN_SELF = YES;
				CLANG_WARN_OBJC_LITERAL_CONVERSION = YES;
				CLANG_WARN_OBJC_ROOT_CLASS = YES_ERROR;
				CLANG_WARN_QUOTED_INCLUDE_IN_FRAMEWORK_HEADER = YES;
				CLANG_WARN_RANGE_LOOP_ANALYSIS = YES;
				CLANG_WARN_STRICT_PROTOTYPES = YES;
				CLANG_WARN_SUSPICIOUS_MOVE = YES;
				CLANG_WARN_UNGUARDED_AVAILABILITY = YES_AGGRESSIVE;
				CLANG_WARN_UNREACHABLE_CODE = YES;
				CLANG_WARN__DUPLICATE_METHOD_MATCH = YES;
				COPY_PHASE_STRIP = NO;
				DEBUG_INFORMATION_FORMAT = "dwarf-with-dsym";
				ENABLE_NS_ASSERTIONS = NO;
				ENABLE_STRICT_OBJC_MSGSEND = YES;
				GCC_C_LANGUAGE_STANDARD = gnu11;
				GCC_NO_COMMON_BLOCKS = YES;
				GCC_WARN_64_TO_32_BIT_CONVERSION = YES;
				GCC_WARN_ABOUT_RETURN_TYPE = YES_ERROR;
				GCC_WARN_UNDECLARED_SELECTOR = YES;
				GCC_WARN_UNINITIALIZED_AUTOS = YES_AGGRESSIVE;
				GCC_WARN_UNUSED_FUNCTION = YES;
				GCC_WARN_UNUSED_VARIABLE = YES;
				IPHONEOS_DEPLOYMENT_TARGET = 15.2;
				MTL_ENABLE_DEBUG_INFO = NO;
				MTL_FAST_MATH = YES;
				SDKROOT = iphoneos;
				SWIFT_COMPILATION_MODE = wholemodule;
				SWIFT_OPTIMIZATION_LEVEL = "-O";
				VALIDATE_PRODUCT = YES;
			};
			name = Release;
		};
		2176AA8A29ABEAFA0028E20C /* Debug */ = {
			isa = XCBuildConfiguration;
			buildSettings = {
				ASSETCATALOG_COMPILER_APPICON_NAME = AppIcon;
				ASSETCATALOG_COMPILER_GLOBAL_ACCENT_COLOR_NAME = AccentColor;
				CODE_SIGN_STYLE = Automatic;
				CURRENT_PROJECT_VERSION = 1;
				DEVELOPMENT_ASSET_PATHS = "\"iOS-Task/Preview Content\"";
				DEVELOPMENT_TEAM = 3BX64U658L;
				ENABLE_PREVIEWS = YES;
				GENERATE_INFOPLIST_FILE = YES;
				INFOPLIST_KEY_UIApplicationSceneManifest_Generation = YES;
				INFOPLIST_KEY_UIApplicationSupportsIndirectInputEvents = YES;
				INFOPLIST_KEY_UILaunchScreen_Generation = YES;
				INFOPLIST_KEY_UISupportedInterfaceOrientations_iPad = "UIInterfaceOrientationPortrait UIInterfaceOrientationPortraitUpsideDown UIInterfaceOrientationLandscapeLeft UIInterfaceOrientationLandscapeRight";
				INFOPLIST_KEY_UISupportedInterfaceOrientations_iPhone = "UIInterfaceOrientationPortrait UIInterfaceOrientationLandscapeLeft UIInterfaceOrientationLandscapeRight";
				LD_RUNPATH_SEARCH_PATHS = (
					"$(inherited)",
					"@executable_path/Frameworks",
				);
				MARKETING_VERSION = 1.0;
				PRODUCT_BUNDLE_IDENTIFIER = "com.melih.test1.iOS-Task";
				PRODUCT_NAME = "$(TARGET_NAME)";
				SWIFT_EMIT_LOC_STRINGS = YES;
				SWIFT_VERSION = 5.0;
				TARGETED_DEVICE_FAMILY = "1,2";
			};
			name = Debug;
		};
		2176AA8B29ABEAFA0028E20C /* Release */ = {
			isa = XCBuildConfiguration;
			buildSettings = {
				ASSETCATALOG_COMPILER_APPICON_NAME = AppIcon;
				ASSETCATALOG_COMPILER_GLOBAL_ACCENT_COLOR_NAME = AccentColor;
				CODE_SIGN_STYLE = Automatic;
				CURRENT_PROJECT_VERSION = 1;
				DEVELOPMENT_ASSET_PATHS = "\"iOS-Task/Preview Content\"";
				DEVELOPMENT_TEAM = 3BX64U658L;
				ENABLE_PREVIEWS = YES;
				GENERATE_INFOPLIST_FILE = YES;
				INFOPLIST_KEY_UIApplicationSceneManifest_Generation = YES;
				INFOPLIST_KEY_UIApplicationSupportsIndirectInputEvents = YES;
				INFOPLIST_KEY_UILaunchScreen_Generation = YES;
				INFOPLIST_KEY_UISupportedInterfaceOrientations_iPad = "UIInterfaceOrientationPortrait UIInterfaceOrientationPortraitUpsideDown UIInterfaceOrientationLandscapeLeft UIInterfaceOrientationLandscapeRight";
				INFOPLIST_KEY_UISupportedInterfaceOrientations_iPhone = "UIInterfaceOrientationPortrait UIInterfaceOrientationLandscapeLeft UIInterfaceOrientationLandscapeRight";
				LD_RUNPATH_SEARCH_PATHS = (
					"$(inherited)",
					"@executable_path/Frameworks",
				);
				MARKETING_VERSION = 1.0;
				PRODUCT_BUNDLE_IDENTIFIER = "com.melih.test1.iOS-Task";
				PRODUCT_NAME = "$(TARGET_NAME)";
				SWIFT_EMIT_LOC_STRINGS = YES;
				SWIFT_VERSION = 5.0;
				TARGETED_DEVICE_FAMILY = "1,2";
			};
			name = Release;
		};
/* End XCBuildConfiguration section */

/* Begin XCConfigurationList section */
		2176AA7129ABEAF80028E20C /* Build configuration list for PBXProject "iOS-Task" */ = {
			isa = XCConfigurationList;
			buildConfigurations = (
				2176AA8729ABEAFA0028E20C /* Debug */,
				2176AA8829ABEAFA0028E20C /* Release */,
			);
			defaultConfigurationIsVisible = 0;
			defaultConfigurationName = Release;
		};
		2176AA8929ABEAFA0028E20C /* Build configuration list for PBXNativeTarget "iOS-Task" */ = {
			isa = XCConfigurationList;
			buildConfigurations = (
				2176AA8A29ABEAFA0028E20C /* Debug */,
				2176AA8B29ABEAFA0028E20C /* Release */,
			);
			defaultConfigurationIsVisible = 0;
			defaultConfigurationName = Release;
		};
/* End XCConfigurationList section */

/* Begin XCRemoteSwiftPackageReference section */
		219DBFE929ADEEC700DD0200 /* XCRemoteSwiftPackageReference "Reachability.swift" */ = {
			isa = XCRemoteSwiftPackageReference;
			repositoryURL = "https://github.com/ashleymills/Reachability.swift.git";
			requirement = {
				branch = master;
				kind = branch;
			};
		};
/* End XCRemoteSwiftPackageReference section */

/* Begin XCSwiftPackageProductDependency section */
		219DBFEA29ADEEC700DD0200 /* Reachability */ = {
			isa = XCSwiftPackageProductDependency;
			package = 219DBFE929ADEEC700DD0200 /* XCRemoteSwiftPackageReference "Reachability.swift" */;
			productName = Reachability;
		};
/* End XCSwiftPackageProductDependency section */

/* Begin XCVersionGroup section */
		214970E429ACEBCE00D17B66 /* iOS-Task.xcdatamodeld */ = {
			isa = XCVersionGroup;
			children = (
				214970E529ACEBCE00D17B66 /* DataModel.xcdatamodel */,
			);
			currentVersion = 214970E529ACEBCE00D17B66 /* DataModel.xcdatamodel */;
			path = "iOS-Task.xcdatamodeld";
			sourceTree = "<group>";
			versionGroupType = wrapper.xcdatamodel;
		};
/* End XCVersionGroup section */
	};
	rootObject = 2176AA6E29ABEAF80028E20C /* Project object */;
}
